// !$*UTF8*$!
{
	archiveVersion = 1;
	classes = {
	};
	objectVersion = 42;
	objects = {

/* Begin PBXBuildFile section */
		130F8B92001BDF0A11CA292A /* test.java in Sources */ = {isa = PBXBuildFile; fileRef = 010341B7FEEF030011DB9C8B /* test.java */; };
		6A0644AD02C7C26E0CC91562 /* test.1 in JavaArchive */ = {isa = PBXBuildFile; fileRef = 6A0644AC02C7C26E0CC91562 /* test.1 */; settings = {JAVA_ARCHIVE_SUBDIR = ""; }; };
		6A0644BD02C7C4400CC91562 /* test.1 in CopyFiles */ = {isa = PBXBuildFile; fileRef = 6A0644AC02C7C26E0CC91562 /* test.1 */; };
		6A8008AF02C7B68F0CC91562 /* Manifest in JavaArchive */ = {isa = PBXBuildFile; fileRef = 6A8008AE02C7B68F0CC91562 /* Manifest */; settings = {JAVA_ARCHIVE_SUBDIR = ""; }; };
/* End PBXBuildFile section */

/* Begin PBXBuildStyle section */
		130F8B95001BDF0A11CA292A /* Development */ = {
			isa = PBXBuildStyle;
			buildSettings = {
				COPY_PHASE_STRIP = NO;
				GCC_DYNAMIC_NO_PIC = NO;
				GCC_ENABLE_FIX_AND_CONTINUE = YES;
				GCC_GENERATE_DEBUGGING_SYMBOLS = YES;
				GCC_OPTIMIZATION_LEVEL = 0;
				ZERO_LINK = YES;
			};
			name = Development;
		};
		130F8B96001BDF0A11CA292A /* Deployment */ = {
			isa = PBXBuildStyle;
			buildSettings = {
				COPY_PHASE_STRIP = YES;
				GCC_ENABLE_FIX_AND_CONTINUE = NO;
				ZERO_LINK = NO;
			};
			name = Deployment;
		};
/* End PBXBuildStyle section */

/* Begin PBXCopyFilesBuildPhase section */
		6A0644BC02C7C42C0CC91562 /* CopyFiles */ = {
			isa = PBXCopyFilesBuildPhase;
			buildActionMask = 8;
			dstPath = /usr/share/man/man1/;
			dstSubfolderSpec = 0;
			files = (
				6A0644BD02C7C4400CC91562 /* test.1 in CopyFiles */,
			);
			runOnlyForDeploymentPostprocessing = 1;
		};
/* End PBXCopyFilesBuildPhase section */

/* Begin PBXFileReference section */
		010341B7FEEF030011DB9C8B /* test.java */ = {isa = PBXFileReference; fileEncoding = 4; lastKnownFileType = sourcecode.java; path = test.java; sourceTree = "<group>"; };
		6A0644AC02C7C26E0CC91562 /* test.1 */ = {isa = PBXFileReference; lastKnownFileType = text.man; path = test.1; sourceTree = "<group>"; };
		6A8008AE02C7B68F0CC91562 /* Manifest */ = {isa = PBXFileReference; fileEncoding = 4; lastKnownFileType = text; path = Manifest; sourceTree = "<group>"; };
		6A9ED92C02B0286D0CC91562 /* test.jar */ = {isa = PBXFileReference; explicitFileType = archive.jar; includeInIndex = 0; path = test.jar; sourceTree = BUILT_PRODUCTS_DIR; };
/* End PBXFileReference section */

/* Begin PBXFrameworksBuildPhase section */
		130F8B94001BDF0A11CA292A /* Frameworks */ = {
			isa = PBXFrameworksBuildPhase;
			buildActionMask = 2147483647;
			files = (
			);
			runOnlyForDeploymentPostprocessing = 0;
		};
/* End PBXFrameworksBuildPhase section */

/* Begin PBXGroup section */
		00E6828FFEC88D1A11DB9C8B = {
			isa = PBXGroup;
			children = (
				010341B7FEEF030011DB9C8B /* test.java */,
				6A8008AE02C7B68F0CC91562 /* Manifest */,
				6A0644A002C7BD230CC91562 /* Documentation */,
				0120612AFEC8923411DB9C8B /* Products */,
			);
			sourceTree = "<group>";
		};
		0120612AFEC8923411DB9C8B /* Products */ = {
			isa = PBXGroup;
			children = (
				6A9ED92C02B0286D0CC91562 /* test.jar */,
			);
			name = Products;
			sourceTree = "<group>";
		};
		6A0644A002C7BD230CC91562 /* Documentation */ = {
			isa = PBXGroup;
			children = (
				6A0644AC02C7C26E0CC91562 /* test.1 */,
			);
			name = Documentation;
			sourceTree = "<group>";
		};
/* End PBXGroup section */

/* Begin PBXJavaArchiveBuildPhase section */
		130F8B93001BDF0A11CA292A /* JavaArchive */ = {
			isa = PBXJavaArchiveBuildPhase;
			buildActionMask = 2147483647;
			files = (
				6A8008AF02C7B68F0CC91562 /* Manifest in JavaArchive */,
				6A0644AD02C7C26E0CC91562 /* test.1 in JavaArchive */,
			);
			runOnlyForDeploymentPostprocessing = 0;
		};
/* End PBXJavaArchiveBuildPhase section */

/* Begin PBXProject section */
		00E6828EFEC88D1A11DB9C8B /* Project object */ = {
			isa = PBXProject;
			buildConfigurationList = 40643B6A099F6BBE00EF6D1B /* Build configuration list for PBXProject "test" */;
			buildSettings = {
			};
			buildStyles = (
				130F8B95001BDF0A11CA292A /* Development */,
				130F8B96001BDF0A11CA292A /* Deployment */,
			);
			hasScannedForEncodings = 1;
			mainGroup = 00E6828FFEC88D1A11DB9C8B;
			productRefGroup = 0120612AFEC8923411DB9C8B /* Products */;
			projectDirPath = "";
			targets = (
				130F8B90001BDF0A11CA292A /* test */,
			);
		};
/* End PBXProject section */

/* Begin PBXSourcesBuildPhase section */
		130F8B91001BDF0A11CA292A /* Sources */ = {
			isa = PBXSourcesBuildPhase;
			buildActionMask = 2147483647;
			files = (
				130F8B92001BDF0A11CA292A /* test.java in Sources */,
			);
			runOnlyForDeploymentPostprocessing = 0;
		};
/* End PBXSourcesBuildPhase section */

/* Begin PBXToolTarget section */
		130F8B90001BDF0A11CA292A /* test */ = {
			isa = PBXToolTarget;
			buildConfigurationList = 40643B66099F6BBE00EF6D1B /* Build configuration list for PBXToolTarget "test" */;
			buildPhases = (
				130F8B91001BDF0A11CA292A /* Sources */,
				130F8B93001BDF0A11CA292A /* JavaArchive */,
				130F8B94001BDF0A11CA292A /* Frameworks */,
				6A0644BC02C7C42C0CC91562 /* CopyFiles */,
			);
			buildSettings = {
				JAVA_ARCHIVE_CLASSES = YES;
				JAVA_ARCHIVE_COMPRESSION = NO;
				JAVA_ARCHIVE_TYPE = JAR;
				JAVA_COMPILER = /usr/bin/javac;
				JAVA_MANIFEST_FILE = Manifest;
				JAVA_SOURCE_SUBDIR = .;
				PRODUCT_NAME = test;
				PURE_JAVA = YES;
				REZ_EXECUTABLE = YES;
			};
			dependencies = (
			);
			name = test;
			productInstallPath = /usr/local/bin;
			productName = test;
			productReference = 6A9ED92C02B0286D0CC91562 /* test.jar */;
		};
/* End PBXToolTarget section */

/* Begin XCBuildConfiguration section */
		40643B67099F6BBE00EF6D1B /* Development */ = {
			isa = XCBuildConfiguration;
			buildSettings = {
				COPY_PHASE_STRIP = NO;
				GCC_DYNAMIC_NO_PIC = NO;
				GCC_ENABLE_FIX_AND_CONTINUE = YES;
				GCC_GENERATE_DEBUGGING_SYMBOLS = YES;
				GCC_OPTIMIZATION_LEVEL = 0;
				JAVA_ARCHIVE_CLASSES = YES;
				JAVA_ARCHIVE_COMPRESSION = NO;
				JAVA_ARCHIVE_TYPE = JAR;
				JAVA_COMPILER = /usr/bin/javac;
				JAVA_MANIFEST_FILE = Manifest;
				JAVA_SOURCE_SUBDIR = .;
				PRODUCT_NAME = test;
				PURE_JAVA = YES;
				REZ_EXECUTABLE = YES;
				ZERO_LINK = YES;
			};
			name = Development;
		};
		40643B68099F6BBE00EF6D1B /* Deployment */ = {
			isa = XCBuildConfiguration;
			buildSettings = {
				COPY_PHASE_STRIP = YES;
				GCC_ENABLE_FIX_AND_CONTINUE = NO;
				JAVA_ARCHIVE_CLASSES = YES;
				JAVA_ARCHIVE_COMPRESSION = NO;
				JAVA_ARCHIVE_TYPE = JAR;
				JAVA_COMPILER = /usr/bin/javac;
				JAVA_MANIFEST_FILE = Manifest;
				JAVA_SOURCE_SUBDIR = .;
				PRODUCT_NAME = test;
				PURE_JAVA = YES;
				REZ_EXECUTABLE = YES;
				ZERO_LINK = NO;
			};
			name = Deployment;
		};
		40643B69099F6BBE00EF6D1B /* Default */ = {
			isa = XCBuildConfiguration;
			buildSettings = {
				JAVA_ARCHIVE_CLASSES = YES;
				JAVA_ARCHIVE_COMPRESSION = NO;
				JAVA_ARCHIVE_TYPE = JAR;
				JAVA_COMPILER = /usr/bin/javac;
				JAVA_MANIFEST_FILE = Manifest;
				JAVA_SOURCE_SUBDIR = .;
				PRODUCT_NAME = test;
				PURE_JAVA = YES;
				REZ_EXECUTABLE = YES;
			};
			name = Default;
		};
		40643B6B099F6BBE00EF6D1B /* Development */ = {
			isa = XCBuildConfiguration;
			buildSettings = {
			};
			name = Development;
		};
		40643B6C099F6BBE00EF6D1B /* Deployment */ = {
			isa = XCBuildConfiguration;
			buildSettings = {
			};
			name = Deployment;
		};
		40643B6D099F6BBE00EF6D1B /* Default */ = {
			isa = XCBuildConfiguration;
			buildSettings = {
			};
			name = Default;
		};
/* End XCBuildConfiguration section */

/* Begin XCConfigurationList section */
		40643B66099F6BBE00EF6D1B /* Build configuration list for PBXToolTarget "test" */ = {
			isa = XCConfigurationList;
			buildConfigurations = (
				40643B67099F6BBE00EF6D1B /* Development */,
				40643B68099F6BBE00EF6D1B /* Deployment */,
				40643B69099F6BBE00EF6D1B /* Default */,
			);
			defaultConfigurationIsVisible = 0;
			defaultConfigurationName = Default;
		};
		40643B6A099F6BBE00EF6D1B /* Build configuration list for PBXProject "test" */ = {
			isa = XCConfigurationList;
			buildConfigurations = (
				40643B6B099F6BBE00EF6D1B /* Development */,
				40643B6C099F6BBE00EF6D1B /* Deployment */,
				40643B6D099F6BBE00EF6D1B /* Default */,
			);
			defaultConfigurationIsVisible = 0;
			defaultConfigurationName = Default;
		};
/* End XCConfigurationList section */
	};
	rootObject = 00E6828EFEC88D1A11DB9C8B /* Project object */;
}
